{
  "nodes": {
    "d2b-toolkit": {
      "inputs": {
        "nixpkgs": [
          "nixpkgs"
        ]
      },
      "locked": {
        "lastModified": 1783295454,
        "narHash": "sha256-Y9ztrDJMjvHQ16Y4r0wTRKhUtdHUzARll2zZOPAPc7o=",
        "owner": "vicondoa",
        "repo": "d2b-toolkit",
        "rev": "b095c7465774217db9240bf581df6df60e24afcf",
        "type": "github"
      },
      "original": {
        "owner": "vicondoa",
        "repo": "d2b-toolkit",
        "type": "github"
      }
    },
    "nixpkgs": {
      "locked": {
        "lastModified": 1783224372,
        "narHash": "sha256-8i/87eeoqiGE4yOTjwSA3Eh/ziJRQEmd/unYU+K27sk=",
        "owner": "NixOS",
        "repo": "nixpkgs",
        "rev": "d407951447dcd00442e97087bf374aad70c04cea",
        "type": "github"
      },
      "original": {
        "owner": "NixOS",
        "ref": "nixos-unstable",
        "repo": "nixpkgs",
        "type": "github"
      }
    },
    "root": {
      "inputs": {
        "d2b-toolkit": "d2b-toolkit",
        "nixpkgs": "nixpkgs"
      }
    }
  },
  "root": "root",
  "version": 7
}
