{
  "nodes": {
    "d2b-toolkit": {
      "inputs": {
        "nixpkgs": [
          "nixpkgs"
        ]
      },
      "locked": {
        "lastModified": 1783296950,
        "narHash": "sha256-OdvP+Gnd+WJ4G/egzkwC6Y7ed8CjMH0TNtT8VRet5xI=",
        "owner": "vicondoa",
        "repo": "d2b-toolkit",
        "rev": "708db5c6c0c1df56d6232c497c6720c2a07e6cc6",
        "type": "github"
      },
      "original": {
        "owner": "vicondoa",
        "repo": "d2b-toolkit",
        "type": "github"
      }
    },
    "nixpkgs": {
      "locked": {
        "lastModified": 1783224372,
        "narHash": "sha256-8i/87eeoqiGE4yOTjwSA3Eh/ziJRQEmd/unYU+K27sk=",
        "owner": "NixOS",
        "repo": "nixpkgs",
        "rev": "d407951447dcd00442e97087bf374aad70c04cea",
        "type": "github"
      },
      "original": {
        "owner": "NixOS",
        "ref": "nixos-unstable",
        "repo": "nixpkgs",
        "type": "github"
      }
    },
    "root": {
      "inputs": {
        "d2b-toolkit": "d2b-toolkit",
        "nixpkgs": "nixpkgs"
      }
    }
  },
  "root": "root",
  "version": 7
}
